
Microsoft Visual Studio Solution File, Format Version 12.00
# Visual Studio Version 17
VisualStudioVersion = 17.6.33815.320
MinimumVisualStudioVersion = 10.0.40219.1
Project("{FAE04EC0-301F-11D3-BF4B-00C04F79EFBC}") = "MongoSandBox.Api", "MongoSandBox.Api.csproj", "{A83890AF-A4A6-4DE7-B39F-1C897D841E2E}"
EndProject
Global
	GlobalSection(SolutionConfigurationPlatforms) = preSolution
		Debug|Any CPU = Debug|Any CPU
		Release|Any CPU = Release|Any CPU
	EndGlobalSection
	GlobalSection(ProjectConfigurationPlatforms) = postSolution
		{A83890AF-A4A6-4DE7-B39F-1C897D841E2E}.Debug|Any CPU.ActiveCfg = Debug|Any CPU
		{A83890AF-A4A6-4DE7-B39F-1C897D841E2E}.Debug|Any CPU.Build.0 = Debug|Any CPU
		{A83890AF-A4A6-4DE7-B39F-1C897D841E2E}.Release|Any CPU.ActiveCfg = Release|Any CPU
		{A83890AF-A4A6-4DE7-B39F-1C897D841E2E}.Release|Any CPU.Build.0 = Release|Any CPU
	EndGlobalSection
	GlobalSection(SolutionProperties) = preSolution
		HideSolutionNode = FALSE
	EndGlobalSection
	GlobalSection(ExtensibilityGlobals) = postSolution
		SolutionGuid = {2FFA2C37-AE87-49EB-AB04-BE95590ED9A0}
	EndGlobalSection
EndGlobal
